// !$*UTF8*$!
{
	archiveVersion = 1;
	classes = {
	};
	objectVersion = 46;
	objects = {

/* Begin PBXBuildFile section */
		A3677184CF9AFC138FB9B4CD /* Pods.framework in Frameworks */ = {isa = PBXBuildFile; fileRef = CA1C7DC857F2DB59AE9F8010 /* Pods.framework */; settings = {ATTRIBUTES = (Weak, ); }; };
		E90A93F91B5CB21F00380F9D /* RSSModel.swift in Sources */ = {isa = PBXBuildFile; fileRef = E90A93F81B5CB21F00380F9D /* RSSModel.swift */; };
		E91F39C71B59786B00EB068A /* AppDelegate.swift in Sources */ = {isa = PBXBuildFile; fileRef = E91F39C61B59786B00EB068A /* AppDelegate.swift */; };
		E91F39C91B59786B00EB068A /* ViewController.swift in Sources */ = {isa = PBXBuildFile; fileRef = E91F39C81B59786B00EB068A /* ViewController.swift */; };
		E91F39CC1B59786B00EB068A /* Main.storyboard in Resources */ = {isa = PBXBuildFile; fileRef = E91F39CA1B59786B00EB068A /* Main.storyboard */; };
		E91F39CE1B59786B00EB068A /* Images.xcassets in Resources */ = {isa = PBXBuildFile; fileRef = E91F39CD1B59786B00EB068A /* Images.xcassets */; };
		E91F39D11B59786B00EB068A /* LaunchScreen.xib in Resources */ = {isa = PBXBuildFile; fileRef = E91F39CF1B59786B00EB068A /* LaunchScreen.xib */; };
		E91F39DD1B59786B00EB068A /* HotzRSSReaderTests.swift in Sources */ = {isa = PBXBuildFile; fileRef = E91F39DC1B59786B00EB068A /* HotzRSSReaderTests.swift */; };
		E91F3A151B5C814A00EB068A /* RSSTableViewCell.swift in Sources */ = {isa = PBXBuildFile; fileRef = E91F3A141B5C814A00EB068A /* RSSTableViewCell.swift */; };
		E91F3A261B5C8EB500EB068A /* Stack.m in Sources */ = {isa = PBXBuildFile; fileRef = E91F3A231B5C8EB500EB068A /* Stack.m */; };
		E91F3A271B5C8EB500EB068A /* Stack.m in Sources */ = {isa = PBXBuildFile; fileRef = E91F3A231B5C8EB500EB068A /* Stack.m */; };
		E94B962D1B5C92690001B7C8 /* XMLParser.m in Sources */ = {isa = PBXBuildFile; fileRef = E94B962C1B5C92690001B7C8 /* XMLParser.m */; };
		E94B962E1B5C92690001B7C8 /* XMLParser.m in Sources */ = {isa = PBXBuildFile; fileRef = E94B962C1B5C92690001B7C8 /* XMLParser.m */; };
		E94B96351B5C9CE40001B7C8 /* GDataXMLNode.m in Sources */ = {isa = PBXBuildFile; fileRef = E94B96341B5C9CE40001B7C8 /* GDataXMLNode.m */; };
		E94B96381B5C9D020001B7C8 /* libxml2.dylib in Frameworks */ = {isa = PBXBuildFile; fileRef = E94B96371B5C9D020001B7C8 /* libxml2.dylib */; };
		E94B963C1B5CA6940001B7C8 /* GDataXMLNodeExtension.swift in Sources */ = {isa = PBXBuildFile; fileRef = E94B963B1B5CA6940001B7C8 /* GDataXMLNodeExtension.swift */; };
		E98175431B5EBEEB00A0D560 /* RSSReaderDetailViewController.swift in Sources */ = {isa = PBXBuildFile; fileRef = E98175421B5EBEEB00A0D560 /* RSSReaderDetailViewController.swift */; };
/* End PBXBuildFile section */

/* Begin PBXContainerItemProxy section */
		E91F39D71B59786B00EB068A /* PBXContainerItemProxy */ = {
			isa = PBXContainerItemProxy;
			containerPortal = E91F39B91B59786B00EB068A /* Project object */;
			proxyType = 1;
			remoteGlobalIDString = E91F39C01B59786B00EB068A;
			remoteInfo = HotzRSSReader;
		};
/* End PBXContainerItemProxy section */

/* Begin PBXFileReference section */
		3481C9B15DE0A856EEBCFCDC /* Pods.release.xcconfig */ = {isa = PBXFileReference; includeInIndex = 1; lastKnownFileType = text.xcconfig; name = Pods.release.xcconfig; path = "Pods/Target Support Files/Pods/Pods.release.xcconfig"; sourceTree = "<group>"; };
		CA1C7DC857F2DB59AE9F8010 /* Pods.framework */ = {isa = PBXFileReference; explicitFileType = wrapper.framework; includeInIndex = 0; path = Pods.framework; sourceTree = BUILT_PRODUCTS_DIR; };
		D9573504078AF85522BE527C /* Pods.debug.xcconfig */ = {isa = PBXFileReference; includeInIndex = 1; lastKnownFileType = text.xcconfig; name = Pods.debug.xcconfig; path = "Pods/Target Support Files/Pods/Pods.debug.xcconfig"; sourceTree = "<group>"; };
		E90A93F81B5CB21F00380F9D /* RSSModel.swift */ = {isa = PBXFileReference; fileEncoding = 4; lastKnownFileType = sourcecode.swift; path = RSSModel.swift; sourceTree = "<group>"; };
		E91F39C11B59786B00EB068A /* HotzRSSReader.app */ = {isa = PBXFileReference; explicitFileType = wrapper.application; includeInIndex = 0; path = HotzRSSReader.app; sourceTree = BUILT_PRODUCTS_DIR; };
		E91F39C51B59786B00EB068A /* Info.plist */ = {isa = PBXFileReference; lastKnownFileType = text.plist.xml; path = Info.plist; sourceTree = "<group>"; };
		E91F39C61B59786B00EB068A /* AppDelegate.swift */ = {isa = PBXFileReference; lastKnownFileType = sourcecode.swift; path = AppDelegate.swift; sourceTree = "<group>"; };
		E91F39C81B59786B00EB068A /* ViewController.swift */ = {isa = PBXFileReference; lastKnownFileType = sourcecode.swift; path = ViewController.swift; sourceTree = "<group>"; };
		E91F39CB1B59786B00EB068A /* Base */ = {isa = PBXFileReference; lastKnownFileType = file.storyboard; name = Base; path = Base.lproj/Main.storyboard; sourceTree = "<group>"; };
		E91F39CD1B59786B00EB068A /* Images.xcassets */ = {isa = PBXFileReference; lastKnownFileType = folder.assetcatalog; path = Images.xcassets; sourceTree = "<group>"; };
		E91F39D01B59786B00EB068A /* Base */ = {isa = PBXFileReference; lastKnownFileType = file.xib; name = Base; path = Base.lproj/LaunchScreen.xib; sourceTree = "<group>"; };
		E91F39D61B59786B00EB068A /* HotzRSSReaderTests.xctest */ = {isa = PBXFileReference; explicitFileType = wrapper.cfbundle; includeInIndex = 0; path = HotzRSSReaderTests.xctest; sourceTree = BUILT_PRODUCTS_DIR; };
		E91F39DB1B59786B00EB068A /* Info.plist */ = {isa = PBXFileReference; lastKnownFileType = text.plist.xml; path = Info.plist; sourceTree = "<group>"; };
		E91F39DC1B59786B00EB068A /* HotzRSSReaderTests.swift */ = {isa = PBXFileReference; lastKnownFileType = sourcecode.swift; path = HotzRSSReaderTests.swift; sourceTree = "<group>"; };
		E91F3A141B5C814A00EB068A /* RSSTableViewCell.swift */ = {isa = PBXFileReference; fileEncoding = 4; lastKnownFileType = sourcecode.swift; path = RSSTableViewCell.swift; sourceTree = "<group>"; };
		E91F3A1D1B5C8E7700EB068A /* HotzRSSReader-Bridging-Header.h */ = {isa = PBXFileReference; lastKnownFileType = sourcecode.c.h; path = "HotzRSSReader-Bridging-Header.h"; sourceTree = "<group>"; };
		E91F3A1E1B5C8E7700EB068A /* HotzRSSReaderTests-Bridging-Header.h */ = {isa = PBXFileReference; lastKnownFileType = sourcecode.c.h; path = "HotzRSSReaderTests-Bridging-Header.h"; sourceTree = "<group>"; };
		E91F3A221B5C8EB500EB068A /* Stack.h */ = {isa = PBXFileReference; fileEncoding = 4; lastKnownFileType = sourcecode.c.h; path = Stack.h; sourceTree = "<group>"; };
		E91F3A231B5C8EB500EB068A /* Stack.m */ = {isa = PBXFileReference; fileEncoding = 4; lastKnownFileType = sourcecode.c.objc; path = Stack.m; sourceTree = "<group>"; };
		E94B962B1B5C92690001B7C8 /* XMLParser.h */ = {isa = PBXFileReference; fileEncoding = 4; lastKnownFileType = sourcecode.c.h; path = XMLParser.h; sourceTree = "<group>"; };
		E94B962C1B5C92690001B7C8 /* XMLParser.m */ = {isa = PBXFileReference; fileEncoding = 4; lastKnownFileType = sourcecode.c.objc; path = XMLParser.m; sourceTree = "<group>"; };
		E94B96331B5C9CE40001B7C8 /* GDataXMLNode.h */ = {isa = PBXFileReference; fileEncoding = 4; lastKnownFileType = sourcecode.c.h; path = GDataXMLNode.h; sourceTree = "<group>"; };
		E94B96341B5C9CE40001B7C8 /* GDataXMLNode.m */ = {isa = PBXFileReference; fileEncoding = 4; lastKnownFileType = sourcecode.c.objc; path = GDataXMLNode.m; sourceTree = "<group>"; };
		E94B96371B5C9D020001B7C8 /* libxml2.dylib */ = {isa = PBXFileReference; lastKnownFileType = "compiled.mach-o.dylib"; name = libxml2.dylib; path = usr/lib/libxml2.dylib; sourceTree = SDKROOT; };
		E94B96391B5C9DB30001B7C8 /* libxml2.2.dylib */ = {isa = PBXFileReference; lastKnownFileType = "compiled.mach-o.dylib"; name = libxml2.2.dylib; path = usr/lib/libxml2.2.dylib; sourceTree = SDKROOT; };
		E94B963B1B5CA6940001B7C8 /* GDataXMLNodeExtension.swift */ = {isa = PBXFileReference; fileEncoding = 4; lastKnownFileType = sourcecode.swift; path = GDataXMLNodeExtension.swift; sourceTree = "<group>"; };
		E98175421B5EBEEB00A0D560 /* RSSReaderDetailViewController.swift */ = {isa = PBXFileReference; fileEncoding = 4; lastKnownFileType = sourcecode.swift; path = RSSReaderDetailViewController.swift; sourceTree = "<group>"; };
/* End PBXFileReference section */

/* Begin PBXFrameworksBuildPhase section */
		E91F39BE1B59786B00EB068A /* Frameworks */ = {
			isa = PBXFrameworksBuildPhase;
			buildActionMask = 2147483647;
			files = (
				E94B96381B5C9D020001B7C8 /* libxml2.dylib in Frameworks */,
				A3677184CF9AFC138FB9B4CD /* Pods.framework in Frameworks */,
			);
			runOnlyForDeploymentPostprocessing = 0;
		};
		E91F39D31B59786B00EB068A /* Frameworks */ = {
			isa = PBXFrameworksBuildPhase;
			buildActionMask = 2147483647;
			files = (
			);
			runOnlyForDeploymentPostprocessing = 0;
		};
/* End PBXFrameworksBuildPhase section */

/* Begin PBXGroup section */
		0A7DB0F02E98E50271D5E70B /* Frameworks */ = {
			isa = PBXGroup;
			children = (
				E94B96391B5C9DB30001B7C8 /* libxml2.2.dylib */,
				E94B96371B5C9D020001B7C8 /* libxml2.dylib */,
				CA1C7DC857F2DB59AE9F8010 /* Pods.framework */,
			);
			name = Frameworks;
			sourceTree = "<group>";
		};
		519782653EEB6CD7757F64FF /* Pods */ = {
			isa = PBXGroup;
			children = (
				D9573504078AF85522BE527C /* Pods.debug.xcconfig */,
				3481C9B15DE0A856EEBCFCDC /* Pods.release.xcconfig */,
			);
			name = Pods;
			sourceTree = "<group>";
		};
		E91F39B81B59786B00EB068A = {
			isa = PBXGroup;
			children = (
				E91F39C31B59786B00EB068A /* HotzRSSReader */,
				E91F39D91B59786B00EB068A /* HotzRSSReaderTests */,
				E91F39C21B59786B00EB068A /* Products */,
				519782653EEB6CD7757F64FF /* Pods */,
				0A7DB0F02E98E50271D5E70B /* Frameworks */,
				E91F3A1D1B5C8E7700EB068A /* HotzRSSReader-Bridging-Header.h */,
				E91F3A1E1B5C8E7700EB068A /* HotzRSSReaderTests-Bridging-Header.h */,
			);
			sourceTree = "<group>";
		};
		E91F39C21B59786B00EB068A /* Products */ = {
			isa = PBXGroup;
			children = (
				E91F39C11B59786B00EB068A /* HotzRSSReader.app */,
				E91F39D61B59786B00EB068A /* HotzRSSReaderTests.xctest */,
			);
			name = Products;
			sourceTree = "<group>";
		};
		E91F39C31B59786B00EB068A /* HotzRSSReader */ = {
			isa = PBXGroup;
			children = (
				E94FB76E1B5EDAB4000C10C6 /* Models */,
				E91F39C61B59786B00EB068A /* AppDelegate.swift */,
				E94B96311B5C94500001B7C8 /* Views */,
				E94B962F1B5C943C0001B7C8 /* XML Parsing */,
				E91F3A131B5C813700EB068A /* Controllers */,
				E91F39CA1B59786B00EB068A /* Main.storyboard */,
				E91F39CD1B59786B00EB068A /* Images.xcassets */,
				E91F39CF1B59786B00EB068A /* LaunchScreen.xib */,
				E91F39C41B59786B00EB068A /* Supporting Files */,
			);
			path = HotzRSSReader;
			sourceTree = "<group>";
		};
		E91F39C41B59786B00EB068A /* Supporting Files */ = {
			isa = PBXGroup;
			children = (
				E91F39C51B59786B00EB068A /* Info.plist */,
			);
			name = "Supporting Files";
			sourceTree = "<group>";
		};
		E91F39D91B59786B00EB068A /* HotzRSSReaderTests */ = {
			isa = PBXGroup;
			children = (
				E91F39DC1B59786B00EB068A /* HotzRSSReaderTests.swift */,
				E91F39DA1B59786B00EB068A /* Supporting Files */,
			);
			path = HotzRSSReaderTests;
			sourceTree = "<group>";
		};
		E91F39DA1B59786B00EB068A /* Supporting Files */ = {
			isa = PBXGroup;
			children = (
				E91F39DB1B59786B00EB068A /* Info.plist */,
			);
			name = "Supporting Files";
			sourceTree = "<group>";
		};
		E91F3A131B5C813700EB068A /* Controllers */ = {
			isa = PBXGroup;
			children = (
				E91F39C81B59786B00EB068A /* ViewController.swift */,
				E98175421B5EBEEB00A0D560 /* RSSReaderDetailViewController.swift */,
			);
			name = Controllers;
			sourceTree = "<group>";
		};
		E94B962F1B5C943C0001B7C8 /* XML Parsing */ = {
			isa = PBXGroup;
			children = (
				E94B96331B5C9CE40001B7C8 /* GDataXMLNode.h */,
				E94B96341B5C9CE40001B7C8 /* GDataXMLNode.m */,
				E94B963B1B5CA6940001B7C8 /* GDataXMLNodeExtension.swift */,
				E94B962B1B5C92690001B7C8 /* XMLParser.h */,
				E94B962C1B5C92690001B7C8 /* XMLParser.m */,
				E91F3A221B5C8EB500EB068A /* Stack.h */,
				E91F3A231B5C8EB500EB068A /* Stack.m */,
			);
			name = "XML Parsing";
			sourceTree = "<group>";
		};
		E94B96311B5C94500001B7C8 /* Views */ = {
			isa = PBXGroup;
			children = (
				E91F3A141B5C814A00EB068A /* RSSTableViewCell.swift */,
			);
			name = Views;
			sourceTree = "<group>";
		};
		E94FB76E1B5EDAB4000C10C6 /* Models */ = {
			isa = PBXGroup;
			children = (
				E90A93F81B5CB21F00380F9D /* RSSModel.swift */,
			);
			name = Models;
			sourceTree = "<group>";
		};
/* End PBXGroup section */

/* Begin PBXNativeTarget section */
		E91F39C01B59786B00EB068A /* HotzRSSReader */ = {
			isa = PBXNativeTarget;
			buildConfigurationList = E91F39E01B59786B00EB068A /* Build configuration list for PBXNativeTarget "HotzRSSReader" */;
			buildPhases = (
				E01EAB68698D67E104181C77 /* Check Pods Manifest.lock */,
				E91F39BD1B59786B00EB068A /* Sources */,
				E91F39BE1B59786B00EB068A /* Frameworks */,
				E91F39BF1B59786B00EB068A /* Resources */,
				9B871E17E5EDEA385CDFDEE3 /* Embed Pods Frameworks */,
				B6AEEA3C1A9037DBCE1E73EE /* Copy Pods Resources */,
			);
			buildRules = (
			);
			dependencies = (
			);
			name = HotzRSSReader;
			productName = HotzRSSReader;
			productReference = E91F39C11B59786B00EB068A /* HotzRSSReader.app */;
			productType = "com.apple.product-type.application";
		};
		E91F39D51B59786B00EB068A /* HotzRSSReaderTests */ = {
			isa = PBXNativeTarget;
			buildConfigurationList = E91F39E31B59786B00EB068A /* Build configuration list for PBXNativeTarget "HotzRSSReaderTests" */;
			buildPhases = (
				E91F39D21B59786B00EB068A /* Sources */,
				E91F39D31B59786B00EB068A /* Frameworks */,
				E91F39D41B59786B00EB068A /* Resources */,
			);
			buildRules = (
			);
			dependencies = (
				E91F39D81B59786B00EB068A /* PBXTargetDependency */,
			);
			name = HotzRSSReaderTests;
			productName = HotzRSSReaderTests;
			productReference = E91F39D61B59786B00EB068A /* HotzRSSReaderTests.xctest */;
			productType = "com.apple.product-type.bundle.unit-test";
		};
/* End PBXNativeTarget section */

/* Begin PBXProject section */
		E91F39B91B59786B00EB068A /* Project object */ = {
			isa = PBXProject;
			attributes = {
				LastUpgradeCheck = 0640;
				ORGANIZATIONNAME = toohotz;
				TargetAttributes = {
					E91F39C01B59786B00EB068A = {
						CreatedOnToolsVersion = 6.4;
					};
					E91F39D51B59786B00EB068A = {
						CreatedOnToolsVersion = 6.4;
						TestTargetID = E91F39C01B59786B00EB068A;
					};
				};
			};
			buildConfigurationList = E91F39BC1B59786B00EB068A /* Build configuration list for PBXProject "HotzRSSReader" */;
			compatibilityVersion = "Xcode 3.2";
			developmentRegion = English;
			hasScannedForEncodings = 0;
			knownRegions = (
				en,
				Base,
			);
			mainGroup = E91F39B81B59786B00EB068A;
			productRefGroup = E91F39C21B59786B00EB068A /* Products */;
			projectDirPath = "";
			projectRoot = "";
			targets = (
				E91F39C01B59786B00EB068A /* HotzRSSReader */,
				E91F39D51B59786B00EB068A /* HotzRSSReaderTests */,
			);
		};
/* End PBXProject section */

/* Begin PBXResourcesBuildPhase section */
		E91F39BF1B59786B00EB068A /* Resources */ = {
			isa = PBXResourcesBuildPhase;
			buildActionMask = 2147483647;
			files = (
				E91F39CC1B59786B00EB068A /* Main.storyboard in Resources */,
				E91F39D11B59786B00EB068A /* LaunchScreen.xib in Resources */,
				E91F39CE1B59786B00EB068A /* Images.xcassets in Resources */,
			);
			runOnlyForDeploymentPostprocessing = 0;
		};
		E91F39D41B59786B00EB068A /* Resources */ = {
			isa = PBXResourcesBuildPhase;
			buildActionMask = 2147483647;
			files = (
			);
			runOnlyForDeploymentPostprocessing = 0;
		};
/* End PBXResourcesBuildPhase section */

/* Begin PBXShellScriptBuildPhase section */
		9B871E17E5EDEA385CDFDEE3 /* Embed Pods Frameworks */ = {
			isa = PBXShellScriptBuildPhase;
			buildActionMask = 2147483647;
			files = (
			);
			inputPaths = (
			);
			name = "Embed Pods Frameworks";
			outputPaths = (
			);
			runOnlyForDeploymentPostprocessing = 0;
			shellPath = /bin/sh;
			shellScript = "\"${SRCROOT}/Pods/Target Support Files/Pods/Pods-frameworks.sh\"\n";
			showEnvVarsInLog = 0;
		};
		B6AEEA3C1A9037DBCE1E73EE /* Copy Pods Resources */ = {
			isa = PBXShellScriptBuildPhase;
			buildActionMask = 2147483647;
			files = (
			);
			inputPaths = (
			);
			name = "Copy Pods Resources";
			outputPaths = (
			);
			runOnlyForDeploymentPostprocessing = 0;
			shellPath = /bin/sh;
			shellScript = "\"${SRCROOT}/Pods/Target Support Files/Pods/Pods-resources.sh\"\n";
			showEnvVarsInLog = 0;
		};
		E01EAB68698D67E104181C77 /* Check Pods Manifest.lock */ = {
			isa = PBXShellScriptBuildPhase;
			buildActionMask = 2147483647;
			files = (
			);
			inputPaths = (
			);
			name = "Check Pods Manifest.lock";
			outputPaths = (
			);
			runOnlyForDeploymentPostprocessing = 0;
			shellPath = /bin/sh;
			shellScript = "diff \"${PODS_ROOT}/../Podfile.lock\" \"${PODS_ROOT}/Manifest.lock\" > /dev/null\nif [[ $? != 0 ]] ; then\n    cat << EOM\nerror: The sandbox is not in sync with the Podfile.lock. Run 'pod install' or update your CocoaPods installation.\nEOM\n    exit 1\nfi\n";
			showEnvVarsInLog = 0;
		};
/* End PBXShellScriptBuildPhase section */

/* Begin PBXSourcesBuildPhase section */
		E91F39BD1B59786B00EB068A /* Sources */ = {
			isa = PBXSourcesBuildPhase;
			buildActionMask = 2147483647;
			files = (
				E94B962D1B5C92690001B7C8 /* XMLParser.m in Sources */,
				E94B963C1B5CA6940001B7C8 /* GDataXMLNodeExtension.swift in Sources */,
				E90A93F91B5CB21F00380F9D /* RSSModel.swift in Sources */,
				E91F3A261B5C8EB500EB068A /* Stack.m in Sources */,
				E91F3A151B5C814A00EB068A /* RSSTableViewCell.swift in Sources */,
				E91F39C91B59786B00EB068A /* ViewController.swift in Sources */,
				E98175431B5EBEEB00A0D560 /* RSSReaderDetailViewController.swift in Sources */,
				E91F39C71B59786B00EB068A /* AppDelegate.swift in Sources */,
				E94B96351B5C9CE40001B7C8 /* GDataXMLNode.m in Sources */,
			);
			runOnlyForDeploymentPostprocessing = 0;
		};
		E91F39D21B59786B00EB068A /* Sources */ = {
			isa = PBXSourcesBuildPhase;
			buildActionMask = 2147483647;
			files = (
				E91F3A271B5C8EB500EB068A /* Stack.m in Sources */,
				E94B962E1B5C92690001B7C8 /* XMLParser.m in Sources */,
				E91F39DD1B59786B00EB068A /* HotzRSSReaderTests.swift in Sources */,
			);
			runOnlyForDeploymentPostprocessing = 0;
		};
/* End PBXSourcesBuildPhase section */

/* Begin PBXTargetDependency section */
		E91F39D81B59786B00EB068A /* PBXTargetDependency */ = {
			isa = PBXTargetDependency;
			target = E91F39C01B59786B00EB068A /* HotzRSSReader */;
			targetProxy = E91F39D71B59786B00EB068A /* PBXContainerItemProxy */;
		};
/* End PBXTargetDependency section */

/* Begin PBXVariantGroup section */
		E91F39CA1B59786B00EB068A /* Main.storyboard */ = {
			isa = PBXVariantGroup;
			children = (
				E91F39CB1B59786B00EB068A /* Base */,
			);
			name = Main.storyboard;
			sourceTree = "<group>";
		};
		E91F39CF1B59786B00EB068A /* LaunchScreen.xib */ = {
			isa = PBXVariantGroup;
			children = (
				E91F39D01B59786B00EB068A /* Base */,
			);
			name = LaunchScreen.xib;
			sourceTree = "<group>";
		};
/* End PBXVariantGroup section */

/* Begin XCBuildConfiguration section */
		E91F39DE1B59786B00EB068A /* Debug */ = {
			isa = XCBuildConfiguration;
			buildSettings = {
				ALWAYS_SEARCH_USER_PATHS = NO;
				CLANG_CXX_LANGUAGE_STANDARD = "gnu++0x";
				CLANG_CXX_LIBRARY = "libc++";
				CLANG_ENABLE_MODULES = YES;
				CLANG_ENABLE_OBJC_ARC = YES;
				CLANG_WARN_BOOL_CONVERSION = YES;
				CLANG_WARN_CONSTANT_CONVERSION = YES;
				CLANG_WARN_DIRECT_OBJC_ISA_USAGE = YES_ERROR;
				CLANG_WARN_EMPTY_BODY = YES;
				CLANG_WARN_ENUM_CONVERSION = YES;
				CLANG_WARN_INT_CONVERSION = YES;
				CLANG_WARN_OBJC_ROOT_CLASS = YES_ERROR;
				CLANG_WARN_UNREACHABLE_CODE = YES;
				CLANG_WARN__DUPLICATE_METHOD_MATCH = YES;
				"CODE_SIGN_IDENTITY[sdk=iphoneos*]" = "iPhone Developer";
				COPY_PHASE_STRIP = NO;
				DEBUG_INFORMATION_FORMAT = "dwarf-with-dsym";
				ENABLE_STRICT_OBJC_MSGSEND = YES;
				GCC_C_LANGUAGE_STANDARD = gnu99;
				GCC_DYNAMIC_NO_PIC = NO;
				GCC_NO_COMMON_BLOCKS = YES;
				GCC_OPTIMIZATION_LEVEL = 0;
				GCC_PREPROCESSOR_DEFINITIONS = (
					"DEBUG=1",
					"$(inherited)",
				);
				GCC_SYMBOLS_PRIVATE_EXTERN = NO;
				GCC_WARN_64_TO_32_BIT_CONVERSION = YES;
				GCC_WARN_ABOUT_RETURN_TYPE = YES_ERROR;
				GCC_WARN_UNDECLARED_SELECTOR = YES;
				GCC_WARN_UNINITIALIZED_AUTOS = YES_AGGRESSIVE;
				GCC_WARN_UNUSED_FUNCTION = YES;
				GCC_WARN_UNUSED_VARIABLE = YES;
				HEADER_SEARCH_PATHS = (
					"$(inherited)",
					/Applications/Xcode.app/Contents/Developer/Toolchains/XcodeDefault.xctoolchain/usr/include,
					/usr/include/libxml2,
				);
				IPHONEOS_DEPLOYMENT_TARGET = 8.4;
				LIBRARY_SEARCH_PATHS = /usr/include/libxml2;
				MTL_ENABLE_DEBUG_INFO = YES;
				ONLY_ACTIVE_ARCH = YES;
				SDKROOT = iphoneos;
				SWIFT_OPTIMIZATION_LEVEL = "-Onone";
				TARGETED_DEVICE_FAMILY = "1,2";
			};
			name = Debug;
		};
		E91F39DF1B59786B00EB068A /* Release */ = {
			isa = XCBuildConfiguration;
			buildSettings = {
				ALWAYS_SEARCH_USER_PATHS = NO;
				CLANG_CXX_LANGUAGE_STANDARD = "gnu++0x";
				CLANG_CXX_LIBRARY = "libc++";
				CLANG_ENABLE_MODULES = YES;
				CLANG_ENABLE_OBJC_ARC = YES;
				CLANG_WARN_BOOL_CONVERSION = YES;
				CLANG_WARN_CONSTANT_CONVERSION = YES;
				CLANG_WARN_DIRECT_OBJC_ISA_USAGE = YES_ERROR;
				CLANG_WARN_EMPTY_BODY = YES;
				CLANG_WARN_ENUM_CONVERSION = YES;
				CLANG_WARN_INT_CONVERSION = YES;
				CLANG_WARN_OBJC_ROOT_CLASS = YES_ERROR;
				CLANG_WARN_UNREACHABLE_CODE = YES;
				CLANG_WARN__DUPLICATE_METHOD_MATCH = YES;
				"CODE_SIGN_IDENTITY[sdk=iphoneos*]" = "iPhone Developer";
				COPY_PHASE_STRIP = NO;
				DEBUG_INFORMATION_FORMAT = "dwarf-with-dsym";
				ENABLE_NS_ASSERTIONS = NO;
				ENABLE_STRICT_OBJC_MSGSEND = YES;
				GCC_C_LANGUAGE_STANDARD = gnu99;
				GCC_NO_COMMON_BLOCKS = YES;
				GCC_WARN_64_TO_32_BIT_CONVERSION = YES;
				GCC_WARN_ABOUT_RETURN_TYPE = YES_ERROR;
				GCC_WARN_UNDECLARED_SELECTOR = YES;
				GCC_WARN_UNINITIALIZED_AUTOS = YES_AGGRESSIVE;
				GCC_WARN_UNUSED_FUNCTION = YES;
				GCC_WARN_UNUSED_VARIABLE = YES;
				HEADER_SEARCH_PATHS = (
					"$(inherited)",
					/Applications/Xcode.app/Contents/Developer/Toolchains/XcodeDefault.xctoolchain/usr/include,
					/usr/include/libxml2,
				);
				IPHONEOS_DEPLOYMENT_TARGET = 8.4;
				LIBRARY_SEARCH_PATHS = /usr/include/libxml2;
				MTL_ENABLE_DEBUG_INFO = NO;
				SDKROOT = iphoneos;
				TARGETED_DEVICE_FAMILY = "1,2";
				VALIDATE_PRODUCT = YES;
			};
			name = Release;
		};
		E91F39E11B59786B00EB068A /* Debug */ = {
			isa = XCBuildConfiguration;
			baseConfigurationReference = D9573504078AF85522BE527C /* Pods.debug.xcconfig */;
			buildSettings = {
				ASSETCATALOG_COMPILER_APPICON_NAME = AppIcon;
				CLANG_ENABLE_MODULES = YES;
				INFOPLIST_FILE = HotzRSSReader/Info.plist;
				LD_RUNPATH_SEARCH_PATHS = "$(inherited) @executable_path/Frameworks";
				OTHER_LDFLAGS = (
					"$(inherited)",
					"-framework",
					"\"Alamofire\"",
					"-framework",
					"\"HTZNetworkingManager\"",
					"-lxml2",
				);
				PRODUCT_NAME = "$(TARGET_NAME)";
				SWIFT_OBJC_BRIDGING_HEADER = "HotzRSSReader-Bridging-Header.h";
				SWIFT_OPTIMIZATION_LEVEL = "-Onone";
			};
			name = Debug;
		};
		E91F39E21B59786B00EB068A /* Release */ = {
			isa = XCBuildConfiguration;
			baseConfigurationReference = 3481C9B15DE0A856EEBCFCDC /* Pods.release.xcconfig */;
			buildSettings = {
				ASSETCATALOG_COMPILER_APPICON_NAME = AppIcon;
				CLANG_ENABLE_MODULES = YES;
				INFOPLIST_FILE = HotzRSSReader/Info.plist;
				LD_RUNPATH_SEARCH_PATHS = "$(inherited) @executable_path/Frameworks";
				OTHER_LDFLAGS = (
					"$(inherited)",
					"-framework",
					"\"Alamofire\"",
					"-framework",
					"\"HTZNetworkingManager\"",
					"-lxml2",
				);
				PRODUCT_NAME = "$(TARGET_NAME)";
				SWIFT_OBJC_BRIDGING_HEADER = "HotzRSSReader-Bridging-Header.h";
			};
			name = Release;
		};
		E91F39E41B59786B00EB068A /* Debug */ = {
			isa = XCBuildConfiguration;
			buildSettings = {
				BUNDLE_LOADER = "$(TEST_HOST)";
				CLANG_ENABLE_MODULES = YES;
				FRAMEWORK_SEARCH_PATHS = (
					"$(SDKROOT)/Developer/Library/Frameworks",
					"$(inherited)",
				);
				GCC_PREPROCESSOR_DEFINITIONS = (
					"DEBUG=1",
					"$(inherited)",
				);
				INFOPLIST_FILE = HotzRSSReaderTests/Info.plist;
				LD_RUNPATH_SEARCH_PATHS = "$(inherited) @executable_path/Frameworks @loader_path/Frameworks";
				PRODUCT_NAME = "$(TARGET_NAME)";
				SWIFT_OBJC_BRIDGING_HEADER = "HotzRSSReaderTests-Bridging-Header.h";
				SWIFT_OPTIMIZATION_LEVEL = "-Onone";
				TEST_HOST = "$(BUILT_PRODUCTS_DIR)/HotzRSSReader.app/HotzRSSReader";
			};
			name = Debug;
		};
		E91F39E51B59786B00EB068A /* Release */ = {
			isa = XCBuildConfiguration;
			buildSettings = {
				BUNDLE_LOADER = "$(TEST_HOST)";
				CLANG_ENABLE_MODULES = YES;
				FRAMEWORK_SEARCH_PATHS = (
					"$(SDKROOT)/Developer/Library/Frameworks",
					"$(inherited)",
				);
				INFOPLIST_FILE = HotzRSSReaderTests/Info.plist;
				LD_RUNPATH_SEARCH_PATHS = "$(inherited) @executable_path/Frameworks @loader_path/Frameworks";
				PRODUCT_NAME = "$(TARGET_NAME)";
				SWIFT_OBJC_BRIDGING_HEADER = "HotzRSSReaderTests-Bridging-Header.h";
				TEST_HOST = "$(BUILT_PRODUCTS_DIR)/HotzRSSReader.app/HotzRSSReader";
			};
			name = Release;
		};
/* End XCBuildConfiguration section */

/* Begin XCConfigurationList section */
		E91F39BC1B59786B00EB068A /* Build configuration list for PBXProject "HotzRSSReader" */ = {
			isa = XCConfigurationList;
			buildConfigurations = (
				E91F39DE1B59786B00EB068A /* Debug */,
				E91F39DF1B59786B00EB068A /* Release */,
			);
			defaultConfigurationIsVisible = 0;
			defaultConfigurationName = Release;
		};
		E91F39E01B59786B00EB068A /* Build configuration list for PBXNativeTarget "HotzRSSReader" */ = {
			isa = XCConfigurationList;
			buildConfigurations = (
				E91F39E11B59786B00EB068A /* Debug */,
				E91F39E21B59786B00EB068A /* Release */,
			);
			defaultConfigurationIsVisible = 0;
			defaultConfigurationName = Release;
		};
		E91F39E31B59786B00EB068A /* Build configuration list for PBXNativeTarget "HotzRSSReaderTests" */ = {
			isa = XCConfigurationList;
			buildConfigurations = (
				E91F39E41B59786B00EB068A /* Debug */,
				E91F39E51B59786B00EB068A /* Release */,
			);
			defaultConfigurationIsVisible = 0;
			defaultConfigurationName = Release;
		};
/* End XCConfigurationList section */
	};
	rootObject = E91F39B91B59786B00EB068A /* Project object */;
}
